// !$*UTF8*$!
{
	archiveVersion = 1;
	classes = {
	};
	objectVersion = 56;
	objects = {

/* Begin PBXBuildFile section */
		727559EF2B9061BD005BF2CA /* MCtestApp.swift in Sources */ = {isa = PBXBuildFile; fileRef = 727559EE2B9061BD005BF2CA /* MCtestApp.swift */; };
		727559F12B9061BD005BF2CA /* ContentView.swift in Sources */ = {isa = PBXBuildFile; fileRef = 727559F02B9061BD005BF2CA /* ContentView.swift */; };
		727559F32B9061C0005BF2CA /* Assets.xcassets in Resources */ = {isa = PBXBuildFile; fileRef = 727559F22B9061C0005BF2CA /* Assets.xcassets */; };
		727559F62B9061C0005BF2CA /* Preview Assets.xcassets in Resources */ = {isa = PBXBuildFile; fileRef = 727559F52B9061C0005BF2CA /* Preview Assets.xcassets */; };
		727559FE2B9061FF005BF2CA /* Contact.swift in Sources */ = {isa = PBXBuildFile; fileRef = 727559FD2B9061FF005BF2CA /* Contact.swift */; };
		72755A012B906225005BF2CA /* ContactViewModel.swift in Sources */ = {isa = PBXBuildFile; fileRef = 72755A002B906225005BF2CA /* ContactViewModel.swift */; };
		72755A042B906249005BF2CA /* ContactDetailsView.swift in Sources */ = {isa = PBXBuildFile; fileRef = 72755A032B906249005BF2CA /* ContactDetailsView.swift */; };
		72755A0C2B9062CC005BF2CA /* MCtestTests.swift in Sources */ = {isa = PBXBuildFile; fileRef = 72755A0B2B9062CC005BF2CA /* MCtestTests.swift */; };
		72755A142B90641B005BF2CA /* data.json in Resources */ = {isa = PBXBuildFile; fileRef = 72755A132B90641B005BF2CA /* data.json */; };
/* End PBXBuildFile section */

/* Begin PBXContainerItemProxy section */
		72755A0D2B9062CC005BF2CA /* PBXContainerItemProxy */ = {
			isa = PBXContainerItemProxy;
			containerPortal = 727559E32B9061BD005BF2CA /* Project object */;
			proxyType = 1;
			remoteGlobalIDString = 727559EA2B9061BD005BF2CA;
			remoteInfo = MCtest;
		};
/* End PBXContainerItemProxy section */

/* Begin PBXFileReference section */
		727559EB2B9061BD005BF2CA /* MCtest.app */ = {isa = PBXFileReference; explicitFileType = wrapper.application; includeInIndex = 0; path = MCtest.app; sourceTree = BUILT_PRODUCTS_DIR; };
		727559EE2B9061BD005BF2CA /* MCtestApp.swift */ = {isa = PBXFileReference; lastKnownFileType = sourcecode.swift; path = MCtestApp.swift; sourceTree = "<group>"; };
		727559F02B9061BD005BF2CA /* ContentView.swift */ = {isa = PBXFileReference; lastKnownFileType = sourcecode.swift; path = ContentView.swift; sourceTree = "<group>"; };
		727559F22B9061C0005BF2CA /* Assets.xcassets */ = {isa = PBXFileReference; lastKnownFileType = folder.assetcatalog; path = Assets.xcassets; sourceTree = "<group>"; };
		727559F52B9061C0005BF2CA /* Preview Assets.xcassets */ = {isa = PBXFileReference; lastKnownFileType = folder.assetcatalog; path = "Preview Assets.xcassets"; sourceTree = "<group>"; };
		727559FD2B9061FF005BF2CA /* Contact.swift */ = {isa = PBXFileReference; lastKnownFileType = sourcecode.swift; path = Contact.swift; sourceTree = "<group>"; };
		72755A002B906225005BF2CA /* ContactViewModel.swift */ = {isa = PBXFileReference; lastKnownFileType = sourcecode.swift; path = ContactViewModel.swift; sourceTree = "<group>"; };
		72755A032B906249005BF2CA /* ContactDetailsView.swift */ = {isa = PBXFileReference; lastKnownFileType = sourcecode.swift; path = ContactDetailsView.swift; sourceTree = "<group>"; };
		72755A092B9062CC005BF2CA /* MCtestTests.xctest */ = {isa = PBXFileReference; explicitFileType = wrapper.cfbundle; includeInIndex = 0; path = MCtestTests.xctest; sourceTree = BUILT_PRODUCTS_DIR; };
		72755A0B2B9062CC005BF2CA /* MCtestTests.swift */ = {isa = PBXFileReference; lastKnownFileType = sourcecode.swift; path = MCtestTests.swift; sourceTree = "<group>"; };
		72755A132B90641B005BF2CA /* data.json */ = {isa = PBXFileReference; fileEncoding = 4; lastKnownFileType = text.json; path = data.json; sourceTree = "<group>"; };
/* End PBXFileReference section */

/* Begin PBXFrameworksBuildPhase section */
		727559E82B9061BD005BF2CA /* Frameworks */ = {
			isa = PBXFrameworksBuildPhase;
			buildActionMask = 2147483647;
			files = (
			);
			runOnlyForDeploymentPostprocessing = 0;
		};
		72755A062B9062CC005BF2CA /* Frameworks */ = {
			isa = PBXFrameworksBuildPhase;
			buildActionMask = 2147483647;
			files = (
			);
			runOnlyForDeploymentPostprocessing = 0;
		};
/* End PBXFrameworksBuildPhase section */

/* Begin PBXGroup section */
		727559E22B9061BD005BF2CA = {
			isa = PBXGroup;
			children = (
				727559ED2B9061BD005BF2CA /* MCtest */,
				72755A0A2B9062CC005BF2CA /* MCtestTests */,
				727559EC2B9061BD005BF2CA /* Products */,
			);
			sourceTree = "<group>";
		};
		727559EC2B9061BD005BF2CA /* Products */ = {
			isa = PBXGroup;
			children = (
				727559EB2B9061BD005BF2CA /* MCtest.app */,
				72755A092B9062CC005BF2CA /* MCtestTests.xctest */,
			);
			name = Products;
			sourceTree = "<group>";
		};
		727559ED2B9061BD005BF2CA /* MCtest */ = {
			isa = PBXGroup;
			children = (
				727559EE2B9061BD005BF2CA /* MCtestApp.swift */,
				727559FC2B9061F4005BF2CA /* Model */,
				727559FF2B906214005BF2CA /* ViewModel */,
				72755A022B906233005BF2CA /* Views */,
				72755A122B9063CD005BF2CA /* Resources */,
				727559F22B9061C0005BF2CA /* Assets.xcassets */,
				727559F42B9061C0005BF2CA /* Preview Content */,
			);
			path = MCtest;
			sourceTree = "<group>";
		};
		727559F42B9061C0005BF2CA /* Preview Content */ = {
			isa = PBXGroup;
			children = (
				727559F52B9061C0005BF2CA /* Preview Assets.xcassets */,
			);
			path = "Preview Content";
			sourceTree = "<group>";
		};
		727559FC2B9061F4005BF2CA /* Model */ = {
			isa = PBXGroup;
			children = (
				727559FD2B9061FF005BF2CA /* Contact.swift */,
			);
			path = Model;
			sourceTree = "<group>";
		};
		727559FF2B906214005BF2CA /* ViewModel */ = {
			isa = PBXGroup;
			children = (
				72755A002B906225005BF2CA /* ContactViewModel.swift */,
			);
			path = ViewModel;
			sourceTree = "<group>";
		};
		72755A022B906233005BF2CA /* Views */ = {
			isa = PBXGroup;
			children = (
				727559F02B9061BD005BF2CA /* ContentView.swift */,
				72755A032B906249005BF2CA /* ContactDetailsView.swift */,
			);
			path = Views;
			sourceTree = "<group>";
		};
		72755A0A2B9062CC005BF2CA /* MCtestTests */ = {
			isa = PBXGroup;
			children = (
				72755A0B2B9062CC005BF2CA /* MCtestTests.swift */,
			);
			path = MCtestTests;
			sourceTree = "<group>";
		};
		72755A122B9063CD005BF2CA /* Resources */ = {
			isa = PBXGroup;
			children = (
				72755A132B90641B005BF2CA /* data.json */,
			);
			path = Resources;
			sourceTree = "<group>";
		};
/* End PBXGroup section */

/* Begin PBXNativeTarget section */
		727559EA2B9061BD005BF2CA /* MCtest */ = {
			isa = PBXNativeTarget;
			buildConfigurationList = 727559F92B9061C0005BF2CA /* Build configuration list for PBXNativeTarget "MCtest" */;
			buildPhases = (
				727559E72B9061BD005BF2CA /* Sources */,
				727559E82B9061BD005BF2CA /* Frameworks */,
				727559E92B9061BD005BF2CA /* Resources */,
			);
			buildRules = (
			);
			dependencies = (
			);
			name = MCtest;
			productName = MCtest;
			productReference = 727559EB2B9061BD005BF2CA /* MCtest.app */;
			productType = "com.apple.product-type.application";
		};
		72755A082B9062CC005BF2CA /* MCtestTests */ = {
			isa = PBXNativeTarget;
			buildConfigurationList = 72755A0F2B9062CC005BF2CA /* Build configuration list for PBXNativeTarget "MCtestTests" */;
			buildPhases = (
				72755A052B9062CC005BF2CA /* Sources */,
				72755A062B9062CC005BF2CA /* Frameworks */,
				72755A072B9062CC005BF2CA /* Resources */,
			);
			buildRules = (
			);
			dependencies = (
				72755A0E2B9062CC005BF2CA /* PBXTargetDependency */,
			);
			name = MCtestTests;
			productName = MCtestTests;
			productReference = 72755A092B9062CC005BF2CA /* MCtestTests.xctest */;
			productType = "com.apple.product-type.bundle.unit-test";
		};
/* End PBXNativeTarget section */

/* Begin PBXProject section */
		727559E32B9061BD005BF2CA /* Project object */ = {
			isa = PBXProject;
			attributes = {
				BuildIndependentTargetsInParallel = 1;
				LastSwiftUpdateCheck = 1520;
				LastUpgradeCheck = 1520;
				TargetAttributes = {
					727559EA2B9061BD005BF2CA = {
						CreatedOnToolsVersion = 15.2;
					};
					72755A082B9062CC005BF2CA = {
						CreatedOnToolsVersion = 15.2;
						TestTargetID = 727559EA2B9061BD005BF2CA;
					};
				};
			};
			buildConfigurationList = 727559E62B9061BD005BF2CA /* Build configuration list for PBXProject "MCtest" */;
			compatibilityVersion = "Xcode 14.0";
			developmentRegion = en;
			hasScannedForEncodings = 0;
			knownRegions = (
				en,
				Base,
			);
			mainGroup = 727559E22B9061BD005BF2CA;
			productRefGroup = 727559EC2B9061BD005BF2CA /* Products */;
			projectDirPath = "";
			projectRoot = "";
			targets = (
				727559EA2B9061BD005BF2CA /* MCtest */,
				72755A082B9062CC005BF2CA /* MCtestTests */,
			);
		};
/* End PBXProject section */

/* Begin PBXResourcesBuildPhase section */
		727559E92B9061BD005BF2CA /* Resources */ = {
			isa = PBXResourcesBuildPhase;
			buildActionMask = 2147483647;
			files = (
				727559F62B9061C0005BF2CA /* Preview Assets.xcassets in Resources */,
				72755A142B90641B005BF2CA /* data.json in Resources */,
				727559F32B9061C0005BF2CA /* Assets.xcassets in Resources */,
			);
			runOnlyForDeploymentPostprocessing = 0;
		};
		72755A072B9062CC005BF2CA /* Resources */ = {
			isa = PBXResourcesBuildPhase;
			buildActionMask = 2147483647;
			files = (
			);
			runOnlyForDeploymentPostprocessing = 0;
		};
/* End PBXResourcesBuildPhase section */

/* Begin PBXSourcesBuildPhase section */
		727559E72B9061BD005BF2CA /* Sources */ = {
			isa = PBXSourcesBuildPhase;
			buildActionMask = 2147483647;
			files = (
				72755A042B906249005BF2CA /* ContactDetailsView.swift in Sources */,
				727559FE2B9061FF005BF2CA /* Contact.swift in Sources */,
				72755A012B906225005BF2CA /* ContactViewModel.swift in Sources */,
				727559F12B9061BD005BF2CA /* ContentView.swift in Sources */,
				727559EF2B9061BD005BF2CA /* MCtestApp.swift in Sources */,
			);
			runOnlyForDeploymentPostprocessing = 0;
		};
		72755A052B9062CC005BF2CA /* Sources */ = {
			isa = PBXSourcesBuildPhase;
			buildActionMask = 2147483647;
			files = (
				72755A0C2B9062CC005BF2CA /* MCtestTests.swift in Sources */,
			);
			runOnlyForDeploymentPostprocessing = 0;
		};
/* End PBXSourcesBuildPhase section */

/* Begin PBXTargetDependency section */
		72755A0E2B9062CC005BF2CA /* PBXTargetDependency */ = {
			isa = PBXTargetDependency;
			target = 727559EA2B9061BD005BF2CA /* MCtest */;
			targetProxy = 72755A0D2B9062CC005BF2CA /* PBXContainerItemProxy */;
		};
/* End PBXTargetDependency section */

/* Begin XCBuildConfiguration section */
		727559F72B9061C0005BF2CA /* Debug */ = {
			isa = XCBuildConfiguration;
			buildSettings = {
				ALWAYS_SEARCH_USER_PATHS = NO;
				ASSETCATALOG_COMPILER_GENERATE_SWIFT_ASSET_SYMBOL_EXTENSIONS = YES;
				CLANG_ANALYZER_NONNULL = YES;
				CLANG_ANALYZER_NUMBER_OBJECT_CONVERSION = YES_AGGRESSIVE;
				CLANG_CXX_LANGUAGE_STANDARD = "gnu++20";
				CLANG_ENABLE_MODULES = YES;
				CLANG_ENABLE_OBJC_ARC = YES;
				CLANG_ENABLE_OBJC_WEAK = YES;
				CLANG_WARN_BLOCK_CAPTURE_AUTORELEASING = YES;
				CLANG_WARN_BOOL_CONVERSION = YES;
				CLANG_WARN_COMMA = YES;
				CLANG_WARN_CONSTANT_CONVERSION = YES;
				CLANG_WARN_DEPRECATED_OBJC_IMPLEMENTATIONS = YES;
				CLANG_WARN_DIRECT_OBJC_ISA_USAGE = YES_ERROR;
				CLANG_WARN_DOCUMENTATION_COMMENTS = YES;
				CLANG_WARN_EMPTY_BODY = YES;
				CLANG_WARN_ENUM_CONVERSION = YES;
				CLANG_WARN_INFINITE_RECURSION = YES;
				CLANG_WARN_INT_CONVERSION = YES;
				CLANG_WARN_NON_LITERAL_NULL_CONVERSION = YES;
				CLANG_WARN_OBJC_IMPLICIT_RETAIN_SELF = YES;
				CLANG_WARN_OBJC_LITERAL_CONVERSION = YES;
				CLANG_WARN_OBJC_ROOT_CLASS = YES_ERROR;
				CLANG_WARN_QUOTED_INCLUDE_IN_FRAMEWORK_HEADER = YES;
				CLANG_WARN_RANGE_LOOP_ANALYSIS = YES;
				CLANG_WARN_STRICT_PROTOTYPES = YES;
				CLANG_WARN_SUSPICIOUS_MOVE = YES;
				CLANG_WARN_UNGUARDED_AVAILABILITY = YES_AGGRESSIVE;
				CLANG_WARN_UNREACHABLE_CODE = YES;
				CLANG_WARN__DUPLICATE_METHOD_MATCH = YES;
				COPY_PHASE_STRIP = NO;
				DEBUG_INFORMATION_FORMAT = dwarf;
				ENABLE_STRICT_OBJC_MSGSEND = YES;
				ENABLE_TESTABILITY = YES;
				ENABLE_USER_SCRIPT_SANDBOXING = YES;
				GCC_C_LANGUAGE_STANDARD = gnu17;
				GCC_DYNAMIC_NO_PIC = NO;
				GCC_NO_COMMON_BLOCKS = YES;
				GCC_OPTIMIZATION_LEVEL = 0;
				GCC_PREPROCESSOR_DEFINITIONS = (
					"DEBUG=1",
					"$(inherited)",
				);
				GCC_WARN_64_TO_32_BIT_CONVERSION = YES;
				GCC_WARN_ABOUT_RETURN_TYPE = YES_ERROR;
				GCC_WARN_UNDECLARED_SELECTOR = YES;
				GCC_WARN_UNINITIALIZED_AUTOS = YES_AGGRESSIVE;
				GCC_WARN_UNUSED_FUNCTION = YES;
				GCC_WARN_UNUSED_VARIABLE = YES;
				IPHONEOS_DEPLOYMENT_TARGET = 17.2;
				LOCALIZATION_PREFERS_STRING_CATALOGS = YES;
				MTL_ENABLE_DEBUG_INFO = INCLUDE_SOURCE;
				MTL_FAST_MATH = YES;
				ONLY_ACTIVE_ARCH = YES;
				SDKROOT = iphoneos;
				SWIFT_ACTIVE_COMPILATION_CONDITIONS = "DEBUG $(inherited)";
				SWIFT_OPTIMIZATION_LEVEL = "-Onone";
			};
			name = Debug;
		};
		727559F82B9061C0005BF2CA /* Release */ = {
			isa = XCBuildConfiguration;
			buildSettings = {
				ALWAYS_SEARCH_USER_PATHS = NO;
				ASSETCATALOG_COMPILER_GENERATE_SWIFT_ASSET_SYMBOL_EXTENSIONS = YES;
				CLANG_ANALYZER_NONNULL = YES;
				CLANG_ANALYZER_NUMBER_OBJECT_CONVERSION = YES_AGGRESSIVE;
				CLANG_CXX_LANGUAGE_STANDARD = "gnu++20";
				CLANG_ENABLE_MODULES = YES;
				CLANG_ENABLE_OBJC_ARC = YES;
				CLANG_ENABLE_OBJC_WEAK = YES;
				CLANG_WARN_BLOCK_CAPTURE_AUTORELEASING = YES;
				CLANG_WARN_BOOL_CONVERSION = YES;
				CLANG_WARN_COMMA = YES;
				CLANG_WARN_CONSTANT_CONVERSION = YES;
				CLANG_WARN_DEPRECATED_OBJC_IMPLEMENTATIONS = YES;
				CLANG_WARN_DIRECT_OBJC_ISA_USAGE = YES_ERROR;
				CLANG_WARN_DOCUMENTATION_COMMENTS = YES;
				CLANG_WARN_EMPTY_BODY = YES;
				CLANG_WARN_ENUM_CONVERSION = YES;
				CLANG_WARN_INFINITE_RECURSION = YES;
				CLANG_WARN_INT_CONVERSION = YES;
				CLANG_WARN_NON_LITERAL_NULL_CONVERSION = YES;
				CLANG_WARN_OBJC_IMPLICIT_RETAIN_SELF = YES;
				CLANG_WARN_OBJC_LITERAL_CONVERSION = YES;
				CLANG_WARN_OBJC_ROOT_CLASS = YES_ERROR;
				CLANG_WARN_QUOTED_INCLUDE_IN_FRAMEWORK_HEADER = YES;
				CLANG_WARN_RANGE_LOOP_ANALYSIS = YES;
				CLANG_WARN_STRICT_PROTOTYPES = YES;
				CLANG_WARN_SUSPICIOUS_MOVE = YES;
				CLANG_WARN_UNGUARDED_AVAILABILITY = YES_AGGRESSIVE;
				CLANG_WARN_UNREACHABLE_CODE = YES;
				CLANG_WARN__DUPLICATE_METHOD_MATCH = YES;
				COPY_PHASE_STRIP = NO;
				DEBUG_INFORMATION_FORMAT = "dwarf-with-dsym";
				ENABLE_NS_ASSERTIONS = NO;
				ENABLE_STRICT_OBJC_MSGSEND = YES;
				ENABLE_USER_SCRIPT_SANDBOXING = YES;
				GCC_C_LANGUAGE_STANDARD = gnu17;
				GCC_NO_COMMON_BLOCKS = YES;
				GCC_WARN_64_TO_32_BIT_CONVERSION = YES;
				GCC_WARN_ABOUT_RETURN_TYPE = YES_ERROR;
				GCC_WARN_UNDECLARED_SELECTOR = YES;
				GCC_WARN_UNINITIALIZED_AUTOS = YES_AGGRESSIVE;
				GCC_WARN_UNUSED_FUNCTION = YES;
				GCC_WARN_UNUSED_VARIABLE = YES;
				IPHONEOS_DEPLOYMENT_TARGET = 17.2;
				LOCALIZATION_PREFERS_STRING_CATALOGS = YES;
				MTL_ENABLE_DEBUG_INFO = NO;
				MTL_FAST_MATH = YES;
				SDKROOT = iphoneos;
				SWIFT_COMPILATION_MODE = wholemodule;
				VALIDATE_PRODUCT = YES;
			};
			name = Release;
		};
		727559FA2B9061C0005BF2CA /* Debug */ = {
			isa = XCBuildConfiguration;
			buildSettings = {
				ASSETCATALOG_COMPILER_APPICON_NAME = AppIcon;
				ASSETCATALOG_COMPILER_GLOBAL_ACCENT_COLOR_NAME = AccentColor;
				CODE_SIGN_STYLE = Automatic;
				CURRENT_PROJECT_VERSION = 1;
				DEVELOPMENT_ASSET_PATHS = "\"MCtest/Preview Content\"";
				DEVELOPMENT_TEAM = JDQ7V977AB;
				ENABLE_PREVIEWS = YES;
				GENERATE_INFOPLIST_FILE = YES;
				INFOPLIST_KEY_UIApplicationSceneManifest_Generation = YES;
				INFOPLIST_KEY_UIApplicationSupportsIndirectInputEvents = YES;
				INFOPLIST_KEY_UILaunchScreen_Generation = YES;
				INFOPLIST_KEY_UISupportedInterfaceOrientations_iPad = "UIInterfaceOrientationPortrait UIInterfaceOrientationPortraitUpsideDown UIInterfaceOrientationLandscapeLeft UIInterfaceOrientationLandscapeRight";
				INFOPLIST_KEY_UISupportedInterfaceOrientations_iPhone = "UIInterfaceOrientationPortrait UIInterfaceOrientationLandscapeLeft UIInterfaceOrientationLandscapeRight";
				LD_RUNPATH_SEARCH_PATHS = (
					"$(inherited)",
					"@executable_path/Frameworks",
				);
				MARKETING_VERSION = 1.0;
				PRODUCT_BUNDLE_IDENTIFIER = com.appfinity.MCtest;
				PRODUCT_NAME = "$(TARGET_NAME)";
				SWIFT_EMIT_LOC_STRINGS = YES;
				SWIFT_VERSION = 5.0;
				TARGETED_DEVICE_FAMILY = "1,2";
			};
			name = Debug;
		};
		727559FB2B9061C0005BF2CA /* Release */ = {
			isa = XCBuildConfiguration;
			buildSettings = {
				ASSETCATALOG_COMPILER_APPICON_NAME = AppIcon;
				ASSETCATALOG_COMPILER_GLOBAL_ACCENT_COLOR_NAME = AccentColor;
				CODE_SIGN_STYLE = Automatic;
				CURRENT_PROJECT_VERSION = 1;
				DEVELOPMENT_ASSET_PATHS = "\"MCtest/Preview Content\"";
				DEVELOPMENT_TEAM = JDQ7V977AB;
				ENABLE_PREVIEWS = YES;
				GENERATE_INFOPLIST_FILE = YES;
				INFOPLIST_KEY_UIApplicationSceneManifest_Generation = YES;
				INFOPLIST_KEY_UIApplicationSupportsIndirectInputEvents = YES;
				INFOPLIST_KEY_UILaunchScreen_Generation = YES;
				INFOPLIST_KEY_UISupportedInterfaceOrientations_iPad = "UIInterfaceOrientationPortrait UIInterfaceOrientationPortraitUpsideDown UIInterfaceOrientationLandscapeLeft UIInterfaceOrientationLandscapeRight";
				INFOPLIST_KEY_UISupportedInterfaceOrientations_iPhone = "UIInterfaceOrientationPortrait UIInterfaceOrientationLandscapeLeft UIInterfaceOrientationLandscapeRight";
				LD_RUNPATH_SEARCH_PATHS = (
					"$(inherited)",
					"@executable_path/Frameworks",
				);
				MARKETING_VERSION = 1.0;
				PRODUCT_BUNDLE_IDENTIFIER = com.appfinity.MCtest;
				PRODUCT_NAME = "$(TARGET_NAME)";
				SWIFT_EMIT_LOC_STRINGS = YES;
				SWIFT_VERSION = 5.0;
				TARGETED_DEVICE_FAMILY = "1,2";
			};
			name = Release;
		};
		72755A102B9062CC005BF2CA /* Debug */ = {
			isa = XCBuildConfiguration;
			buildSettings = {
				BUNDLE_LOADER = "$(TEST_HOST)";
				CODE_SIGN_STYLE = Automatic;
				CURRENT_PROJECT_VERSION = 1;
				DEVELOPMENT_TEAM = JDQ7V977AB;
				GENERATE_INFOPLIST_FILE = YES;
				MARKETING_VERSION = 1.0;
				PRODUCT_BUNDLE_IDENTIFIER = com.appfinity.MCtestTests;
				PRODUCT_NAME = "$(TARGET_NAME)";
				SWIFT_EMIT_LOC_STRINGS = NO;
				SWIFT_VERSION = 5.0;
				TARGETED_DEVICE_FAMILY = "1,2";
				TEST_HOST = "$(BUILT_PRODUCTS_DIR)/MCtest.app/$(BUNDLE_EXECUTABLE_FOLDER_PATH)/MCtest";
			};
			name = Debug;
		};
		72755A112B9062CC005BF2CA /* Release */ = {
			isa = XCBuildConfiguration;
			buildSettings = {
				BUNDLE_LOADER = "$(TEST_HOST)";
				CODE_SIGN_STYLE = Automatic;
				CURRENT_PROJECT_VERSION = 1;
				DEVELOPMENT_TEAM = JDQ7V977AB;
				GENERATE_INFOPLIST_FILE = YES;
				MARKETING_VERSION = 1.0;
				PRODUCT_BUNDLE_IDENTIFIER = com.appfinity.MCtestTests;
				PRODUCT_NAME = "$(TARGET_NAME)";
				SWIFT_EMIT_LOC_STRINGS = NO;
				SWIFT_VERSION = 5.0;
				TARGETED_DEVICE_FAMILY = "1,2";
				TEST_HOST = "$(BUILT_PRODUCTS_DIR)/MCtest.app/$(BUNDLE_EXECUTABLE_FOLDER_PATH)/MCtest";
			};
			name = Release;
		};
/* End XCBuildConfiguration section */

/* Begin XCConfigurationList section */
		727559E62B9061BD005BF2CA /* Build configuration list for PBXProject "MCtest" */ = {
			isa = XCConfigurationList;
			buildConfigurations = (
				727559F72B9061C0005BF2CA /* Debug */,
				727559F82B9061C0005BF2CA /* Release */,
			);
			defaultConfigurationIsVisible = 0;
			defaultConfigurationName = Release;
		};
		727559F92B9061C0005BF2CA /* Build configuration list for PBXNativeTarget "MCtest" */ = {
			isa = XCConfigurationList;
			buildConfigurations = (
				727559FA2B9061C0005BF2CA /* Debug */,
				727559FB2B9061C0005BF2CA /* Release */,
			);
			defaultConfigurationIsVisible = 0;
			defaultConfigurationName = Release;
		};
		72755A0F2B9062CC005BF2CA /* Build configuration list for PBXNativeTarget "MCtestTests" */ = {
			isa = XCConfigurationList;
			buildConfigurations = (
				72755A102B9062CC005BF2CA /* Debug */,
				72755A112B9062CC005BF2CA /* Release */,
			);
			defaultConfigurationIsVisible = 0;
			defaultConfigurationName = Release;
		};
/* End XCConfigurationList section */
	};
	rootObject = 727559E32B9061BD005BF2CA /* Project object */;
}
